// !$*UTF8*$!
{
	archiveVersion = 1;
	classes = {
	};
	objectVersion = 46;
	objects = {

/* Begin PBXBuildFile section */
		220CDE651B3AB589009B0F8B /* AppDelegate.swift in Sources */ = {isa = PBXBuildFile; fileRef = 220CDE641B3AB589009B0F8B /* AppDelegate.swift */; };
		220CDE671B3AB589009B0F8B /* ViewController.swift in Sources */ = {isa = PBXBuildFile; fileRef = 220CDE661B3AB589009B0F8B /* ViewController.swift */; };
		220CDE6A1B3AB589009B0F8B /* Main.storyboard in Resources */ = {isa = PBXBuildFile; fileRef = 220CDE681B3AB589009B0F8B /* Main.storyboard */; };
		220CDE6D1B3AB589009B0F8B /* Grocery_Inventory.xcdatamodeld in Sources */ = {isa = PBXBuildFile; fileRef = 220CDE6B1B3AB589009B0F8B /* Grocery_Inventory.xcdatamodeld */; };
		220CDE6F1B3AB589009B0F8B /* Assets.xcassets in Resources */ = {isa = PBXBuildFile; fileRef = 220CDE6E1B3AB589009B0F8B /* Assets.xcassets */; };
		220CDE721B3AB589009B0F8B /* LaunchScreen.storyboard in Resources */ = {isa = PBXBuildFile; fileRef = 220CDE701B3AB589009B0F8B /* LaunchScreen.storyboard */; };
		220CDE7D1B3AB589009B0F8B /* Grocery_InventoryTests.swift in Sources */ = {isa = PBXBuildFile; fileRef = 220CDE7C1B3AB589009B0F8B /* Grocery_InventoryTests.swift */; };
		220CDE881B3AB589009B0F8B /* Grocery_InventoryUITests.swift in Sources */ = {isa = PBXBuildFile; fileRef = 220CDE871B3AB589009B0F8B /* Grocery_InventoryUITests.swift */; };
/* End PBXBuildFile section */

/* Begin PBXContainerItemProxy section */
		220CDE791B3AB589009B0F8B /* PBXContainerItemProxy */ = {
			isa = PBXContainerItemProxy;
			containerPortal = 220CDE591B3AB589009B0F8B /* Project object */;
			proxyType = 1;
			remoteGlobalIDString = 220CDE601B3AB589009B0F8B;
			remoteInfo = "Grocery Inventory";
		};
		220CDE841B3AB589009B0F8B /* PBXContainerItemProxy */ = {
			isa = PBXContainerItemProxy;
			containerPortal = 220CDE591B3AB589009B0F8B /* Project object */;
			proxyType = 1;
			remoteGlobalIDString = 220CDE601B3AB589009B0F8B;
			remoteInfo = "Grocery Inventory";
		};
/* End PBXContainerItemProxy section */

/* Begin PBXFileReference section */
		220CDE611B3AB589009B0F8B /* Grocery Inventory.app */ = {isa = PBXFileReference; explicitFileType = wrapper.application; includeInIndex = 0; path = "Grocery Inventory.app"; sourceTree = BUILT_PRODUCTS_DIR; };
		220CDE641B3AB589009B0F8B /* AppDelegate.swift */ = {isa = PBXFileReference; lastKnownFileType = sourcecode.swift; path = AppDelegate.swift; sourceTree = "<group>"; };
		220CDE661B3AB589009B0F8B /* ViewController.swift */ = {isa = PBXFileReference; lastKnownFileType = sourcecode.swift; path = ViewController.swift; sourceTree = "<group>"; };
		220CDE691B3AB589009B0F8B /* Base */ = {isa = PBXFileReference; lastKnownFileType = file.storyboard; name = Base; path = Base.lproj/Main.storyboard; sourceTree = "<group>"; };
		220CDE6C1B3AB589009B0F8B /* Grocery_Inventory.xcdatamodel */ = {isa = PBXFileReference; lastKnownFileType = wrapper.xcdatamodel; path = Grocery_Inventory.xcdatamodel; sourceTree = "<group>"; };
		220CDE6E1B3AB589009B0F8B /* Assets.xcassets */ = {isa = PBXFileReference; lastKnownFileType = folder.assetcatalog; path = Assets.xcassets; sourceTree = "<group>"; };
		220CDE711B3AB589009B0F8B /* Base */ = {isa = PBXFileReference; lastKnownFileType = file.storyboard; name = Base; path = Base.lproj/LaunchScreen.storyboard; sourceTree = "<group>"; };
		220CDE731B3AB589009B0F8B /* Info.plist */ = {isa = PBXFileReference; lastKnownFileType = text.plist.xml; path = Info.plist; sourceTree = "<group>"; };
		220CDE781B3AB589009B0F8B /* Grocery InventoryTests.xctest */ = {isa = PBXFileReference; explicitFileType = wrapper.cfbundle; includeInIndex = 0; path = "Grocery InventoryTests.xctest"; sourceTree = BUILT_PRODUCTS_DIR; };
		220CDE7C1B3AB589009B0F8B /* Grocery_InventoryTests.swift */ = {isa = PBXFileReference; lastKnownFileType = sourcecode.swift; path = Grocery_InventoryTests.swift; sourceTree = "<group>"; };
		220CDE7E1B3AB589009B0F8B /* Info.plist */ = {isa = PBXFileReference; lastKnownFileType = text.plist.xml; path = Info.plist; sourceTree = "<group>"; };
		220CDE831B3AB589009B0F8B /* Grocery InventoryUITests.xctest */ = {isa = PBXFileReference; explicitFileType = wrapper.cfbundle; includeInIndex = 0; path = "Grocery InventoryUITests.xctest"; sourceTree = BUILT_PRODUCTS_DIR; };
		220CDE871B3AB589009B0F8B /* Grocery_InventoryUITests.swift */ = {isa = PBXFileReference; lastKnownFileType = sourcecode.swift; path = Grocery_InventoryUITests.swift; sourceTree = "<group>"; };
		220CDE891B3AB589009B0F8B /* Info.plist */ = {isa = PBXFileReference; lastKnownFileType = text.plist.xml; path = Info.plist; sourceTree = "<group>"; };
/* End PBXFileReference section */

/* Begin PBXFrameworksBuildPhase section */
		220CDE5E1B3AB589009B0F8B /* Frameworks */ = {
			isa = PBXFrameworksBuildPhase;
			buildActionMask = 2147483647;
			files = (
			);
			runOnlyForDeploymentPostprocessing = 0;
		};
		220CDE751B3AB589009B0F8B /* Frameworks */ = {
			isa = PBXFrameworksBuildPhase;
			buildActionMask = 2147483647;
			files = (
			);
			runOnlyForDeploymentPostprocessing = 0;
		};
		220CDE801B3AB589009B0F8B /* Frameworks */ = {
			isa = PBXFrameworksBuildPhase;
			buildActionMask = 2147483647;
			files = (
			);
			runOnlyForDeploymentPostprocessing = 0;
		};
/* End PBXFrameworksBuildPhase section */

/* Begin PBXGroup section */
		220CDE581B3AB589009B0F8B = {
			isa = PBXGroup;
			children = (
				220CDE631B3AB589009B0F8B /* Grocery Inventory */,
				220CDE7B1B3AB589009B0F8B /* Grocery InventoryTests */,
				220CDE861B3AB589009B0F8B /* Grocery InventoryUITests */,
				220CDE621B3AB589009B0F8B /* Products */,
			);
			sourceTree = "<group>";
		};
		220CDE621B3AB589009B0F8B /* Products */ = {
			isa = PBXGroup;
			children = (
				220CDE611B3AB589009B0F8B /* Grocery Inventory.app */,
				220CDE781B3AB589009B0F8B /* Grocery InventoryTests.xctest */,
				220CDE831B3AB589009B0F8B /* Grocery InventoryUITests.xctest */,
			);
			name = Products;
			sourceTree = "<group>";
		};
		220CDE631B3AB589009B0F8B /* Grocery Inventory */ = {
			isa = PBXGroup;
			children = (
				220CDE641B3AB589009B0F8B /* AppDelegate.swift */,
				220CDE661B3AB589009B0F8B /* ViewController.swift */,
				220CDE681B3AB589009B0F8B /* Main.storyboard */,
				220CDE6E1B3AB589009B0F8B /* Assets.xcassets */,
				220CDE701B3AB589009B0F8B /* LaunchScreen.storyboard */,
				220CDE731B3AB589009B0F8B /* Info.plist */,
				220CDE6B1B3AB589009B0F8B /* Grocery_Inventory.xcdatamodeld */,
			);
			path = "Grocery Inventory";
			sourceTree = "<group>";
		};
		220CDE7B1B3AB589009B0F8B /* Grocery InventoryTests */ = {
			isa = PBXGroup;
			children = (
				220CDE7C1B3AB589009B0F8B /* Grocery_InventoryTests.swift */,
				220CDE7E1B3AB589009B0F8B /* Info.plist */,
			);
			path = "Grocery InventoryTests";
			sourceTree = "<group>";
		};
		220CDE861B3AB589009B0F8B /* Grocery InventoryUITests */ = {
			isa = PBXGroup;
			children = (
				220CDE871B3AB589009B0F8B /* Grocery_InventoryUITests.swift */,
				220CDE891B3AB589009B0F8B /* Info.plist */,
			);
			path = "Grocery InventoryUITests";
			sourceTree = "<group>";
		};
/* End PBXGroup section */

/* Begin PBXNativeTarget section */
		220CDE601B3AB589009B0F8B /* Grocery Inventory */ = {
			isa = PBXNativeTarget;
			buildConfigurationList = 220CDE8C1B3AB589009B0F8B /* Build configuration list for PBXNativeTarget "Grocery Inventory" */;
			buildPhases = (
				220CDE5D1B3AB589009B0F8B /* Sources */,
				220CDE5E1B3AB589009B0F8B /* Frameworks */,
				220CDE5F1B3AB589009B0F8B /* Resources */,
			);
			buildRules = (
			);
			dependencies = (
			);
			name = "Grocery Inventory";
			productName = "Grocery Inventory";
			productReference = 220CDE611B3AB589009B0F8B /* Grocery Inventory.app */;
			productType = "com.apple.product-type.application";
		};
		220CDE771B3AB589009B0F8B /* Grocery InventoryTests */ = {
			isa = PBXNativeTarget;
			buildConfigurationList = 220CDE8F1B3AB589009B0F8B /* Build configuration list for PBXNativeTarget "Grocery InventoryTests" */;
			buildPhases = (
				220CDE741B3AB589009B0F8B /* Sources */,
				220CDE751B3AB589009B0F8B /* Frameworks */,
				220CDE761B3AB589009B0F8B /* Resources */,
			);
			buildRules = (
			);
			dependencies = (
				220CDE7A1B3AB589009B0F8B /* PBXTargetDependency */,
			);
			name = "Grocery InventoryTests";
			productName = "Grocery InventoryTests";
			productReference = 220CDE781B3AB589009B0F8B /* Grocery InventoryTests.xctest */;
			productType = "com.apple.product-type.bundle.unit-test";
		};
		220CDE821B3AB589009B0F8B /* Grocery InventoryUITests */ = {
			isa = PBXNativeTarget;
			buildConfigurationList = 220CDE921B3AB589009B0F8B /* Build configuration list for PBXNativeTarget "Grocery InventoryUITests" */;
			buildPhases = (
				220CDE7F1B3AB589009B0F8B /* Sources */,
				220CDE801B3AB589009B0F8B /* Frameworks */,
				220CDE811B3AB589009B0F8B /* Resources */,
			);
			buildRules = (
			);
			dependencies = (
				220CDE851B3AB589009B0F8B /* PBXTargetDependency */,
			);
			name = "Grocery InventoryUITests";
			productName = "Grocery InventoryUITests";
			productReference = 220CDE831B3AB589009B0F8B /* Grocery InventoryUITests.xctest */;
			productType = "com.apple.product-type.bundle.ui-testing";
		};
/* End PBXNativeTarget section */

/* Begin PBXProject section */
		220CDE591B3AB589009B0F8B /* Project object */ = {
			isa = PBXProject;
			attributes = {
				LastUpgradeCheck = 0700;
				ORGANIZATIONNAME = "Maxime Defauw";
				TargetAttributes = {
					220CDE601B3AB589009B0F8B = {
						CreatedOnToolsVersion = 7.0;
					};
					220CDE771B3AB589009B0F8B = {
						CreatedOnToolsVersion = 7.0;
						TestTargetID = 220CDE601B3AB589009B0F8B;
					};
					220CDE821B3AB589009B0F8B = {
						CreatedOnToolsVersion = 7.0;
						TestTargetID = 220CDE601B3AB589009B0F8B;
					};
				};
			};
			buildConfigurationList = 220CDE5C1B3AB589009B0F8B /* Build configuration list for PBXProject "Grocery Inventory" */;
			compatibilityVersion = "Xcode 3.2";
			developmentRegion = English;
			hasScannedForEncodings = 0;
			knownRegions = (
				en,
				Base,
			);
			mainGroup = 220CDE581B3AB589009B0F8B;
			productRefGroup = 220CDE621B3AB589009B0F8B /* Products */;
			projectDirPath = "";
			projectRoot = "";
			targets = (
				220CDE601B3AB589009B0F8B /* Grocery Inventory */,
				220CDE771B3AB589009B0F8B /* Grocery InventoryTests */,
				220CDE821B3AB589009B0F8B /* Grocery InventoryUITests */,
			);
		};
/* End PBXProject section */

/* Begin PBXResourcesBuildPhase section */
		220CDE5F1B3AB589009B0F8B /* Resources */ = {
			isa = PBXResourcesBuildPhase;
			buildActionMask = 2147483647;
			files = (
				220CDE721B3AB589009B0F8B /* LaunchScreen.storyboard in Resources */,
				220CDE6F1B3AB589009B0F8B /* Assets.xcassets in Resources */,
				220CDE6A1B3AB589009B0F8B /* Main.storyboard in Resources */,
			);
			runOnlyForDeploymentPostprocessing = 0;
		};
		220CDE761B3AB589009B0F8B /* Resources */ = {
			isa = PBXResourcesBuildPhase;
			buildActionMask = 2147483647;
			files = (
			);
			runOnlyForDeploymentPostprocessing = 0;
		};
		220CDE811B3AB589009B0F8B /* Resources */ = {
			isa = PBXResourcesBuildPhase;
			buildActionMask = 2147483647;
			files = (
			);
			runOnlyForDeploymentPostprocessing = 0;
		};
/* End PBXResourcesBuildPhase section */

/* Begin PBXSourcesBuildPhase section */
		220CDE5D1B3AB589009B0F8B /* Sources */ = {
			isa = PBXSourcesBuildPhase;
			buildActionMask = 2147483647;
			files = (
				220CDE671B3AB589009B0F8B /* ViewController.swift in Sources */,
				220CDE651B3AB589009B0F8B /* AppDelegate.swift in Sources */,
				220CDE6D1B3AB589009B0F8B /* Grocery_Inventory.xcdatamodeld in Sources */,
			);
			runOnlyForDeploymentPostprocessing = 0;
		};
		220CDE741B3AB589009B0F8B /* Sources */ = {
			isa = PBXSourcesBuildPhase;
			buildActionMask = 2147483647;
			files = (
				220CDE7D1B3AB589009B0F8B /* Grocery_InventoryTests.swift in Sources */,
			);
			runOnlyForDeploymentPostprocessing = 0;
		};
		220CDE7F1B3AB589009B0F8B /* Sources */ = {
			isa = PBXSourcesBuildPhase;
			buildActionMask = 2147483647;
			files = (
				220CDE881B3AB589009B0F8B /* Grocery_InventoryUITests.swift in Sources */,
			);
			runOnlyForDeploymentPostprocessing = 0;
		};
/* End PBXSourcesBuildPhase section */

/* Begin PBXTargetDependency section */
		220CDE7A1B3AB589009B0F8B /* PBXTargetDependency */ = {
			isa = PBXTargetDependency;
			target = 220CDE601B3AB589009B0F8B /* Grocery Inventory */;
			targetProxy = 220CDE791B3AB589009B0F8B /* PBXContainerItemProxy */;
		};
		220CDE851B3AB589009B0F8B /* PBXTargetDependency */ = {
			isa = PBXTargetDependency;
			target = 220CDE601B3AB589009B0F8B /* Grocery Inventory */;
			targetProxy = 220CDE841B3AB589009B0F8B /* PBXContainerItemProxy */;
		};
/* End PBXTargetDependency section */

/* Begin PBXVariantGroup section */
		220CDE681B3AB589009B0F8B /* Main.storyboard */ = {
			isa = PBXVariantGroup;
			children = (
				220CDE691B3AB589009B0F8B /* Base */,
			);
			name = Main.storyboard;
			sourceTree = "<group>";
		};
		220CDE701B3AB589009B0F8B /* LaunchScreen.storyboard */ = {
			isa = PBXVariantGroup;
			children = (
				220CDE711B3AB589009B0F8B /* Base */,
			);
			name = LaunchScreen.storyboard;
			sourceTree = "<group>";
		};
/* End PBXVariantGroup section */

/* Begin XCBuildConfiguration section */
		220CDE8A1B3AB589009B0F8B /* Debug */ = {
			isa = XCBuildConfiguration;
			buildSettings = {
				ALWAYS_SEARCH_USER_PATHS = NO;
				CLANG_CXX_LANGUAGE_STANDARD = "gnu++0x";
				CLANG_CXX_LIBRARY = "libc++";
				CLANG_ENABLE_MODULES = YES;
				CLANG_ENABLE_OBJC_ARC = YES;
				CLANG_WARN_BOOL_CONVERSION = YES;
				CLANG_WARN_CONSTANT_CONVERSION = YES;
				CLANG_WARN_DIRECT_OBJC_ISA_USAGE = YES_ERROR;
				CLANG_WARN_EMPTY_BODY = YES;
				CLANG_WARN_ENUM_CONVERSION = YES;
				CLANG_WARN_INT_CONVERSION = YES;
				CLANG_WARN_OBJC_ROOT_CLASS = YES_ERROR;
				CLANG_WARN_UNREACHABLE_CODE = YES;
				CLANG_WARN__DUPLICATE_METHOD_MATCH = YES;
				"CODE_SIGN_IDENTITY[sdk=iphoneos*]" = "iPhone Developer";
				COPY_PHASE_STRIP = NO;
				DEBUG_INFORMATION_FORMAT = dwarf;
				ENABLE_STRICT_OBJC_MSGSEND = YES;
				ENABLE_TESTABILITY = YES;
				GCC_C_LANGUAGE_STANDARD = gnu99;
				GCC_DYNAMIC_NO_PIC = NO;
				GCC_NO_COMMON_BLOCKS = YES;
				GCC_OPTIMIZATION_LEVEL = 0;
				GCC_PREPROCESSOR_DEFINITIONS = (
					"DEBUG=1",
					"$(inherited)",
				);
				GCC_WARN_64_TO_32_BIT_CONVERSION = YES;
				GCC_WARN_ABOUT_RETURN_TYPE = YES_ERROR;
				GCC_WARN_UNDECLARED_SELECTOR = YES;
				GCC_WARN_UNINITIALIZED_AUTOS = YES_AGGRESSIVE;
				GCC_WARN_UNUSED_FUNCTION = YES;
				GCC_WARN_UNUSED_VARIABLE = YES;
				IPHONEOS_DEPLOYMENT_TARGET = 9.0;
				MTL_ENABLE_DEBUG_INFO = YES;
				ONLY_ACTIVE_ARCH = YES;
				SDKROOT = iphoneos;
				SWIFT_OPTIMIZATION_LEVEL = "-Onone";
				TARGETED_DEVICE_FAMILY = "1,2";
			};
			name = Debug;
		};
		220CDE8B1B3AB589009B0F8B /* Release */ = {
			isa = XCBuildConfiguration;
			buildSettings = {
				ALWAYS_SEARCH_USER_PATHS = NO;
				CLANG_CXX_LANGUAGE_STANDARD = "gnu++0x";
				CLANG_CXX_LIBRARY = "libc++";
				CLANG_ENABLE_MODULES = YES;
				CLANG_ENABLE_OBJC_ARC = YES;
				CLANG_WARN_BOOL_CONVERSION = YES;
				CLANG_WARN_CONSTANT_CONVERSION = YES;
				CLANG_WARN_DIRECT_OBJC_ISA_USAGE = YES_ERROR;
				CLANG_WARN_EMPTY_BODY = YES;
				CLANG_WARN_ENUM_CONVERSION = YES;
				CLANG_WARN_INT_CONVERSION = YES;
				CLANG_WARN_OBJC_ROOT_CLASS = YES_ERROR;
				CLANG_WARN_UNREACHABLE_CODE = YES;
				CLANG_WARN__DUPLICATE_METHOD_MATCH = YES;
				"CODE_SIGN_IDENTITY[sdk=iphoneos*]" = "iPhone Developer";
				COPY_PHASE_STRIP = NO;
				DEBUG_INFORMATION_FORMAT = "dwarf-with-dsym";
				ENABLE_NS_ASSERTIONS = NO;
				ENABLE_STRICT_OBJC_MSGSEND = YES;
				GCC_C_LANGUAGE_STANDARD = gnu99;
				GCC_NO_COMMON_BLOCKS = YES;
				GCC_WARN_64_TO_32_BIT_CONVERSION = YES;
				GCC_WARN_ABOUT_RETURN_TYPE = YES_ERROR;
				GCC_WARN_UNDECLARED_SELECTOR = YES;
				GCC_WARN_UNINITIALIZED_AUTOS = YES_AGGRESSIVE;
				GCC_WARN_UNUSED_FUNCTION = YES;
				GCC_WARN_UNUSED_VARIABLE = YES;
				IPHONEOS_DEPLOYMENT_TARGET = 9.0;
				MTL_ENABLE_DEBUG_INFO = NO;
				SDKROOT = iphoneos;
				TARGETED_DEVICE_FAMILY = "1,2";
				VALIDATE_PRODUCT = YES;
			};
			name = Release;
		};
		220CDE8D1B3AB589009B0F8B /* Debug */ = {
			isa = XCBuildConfiguration;
			buildSettings = {
				ASSETCATALOG_COMPILER_APPICON_NAME = AppIcon;
				INFOPLIST_FILE = "Grocery Inventory/Info.plist";
				LD_RUNPATH_SEARCH_PATHS = "$(inherited) @executable_path/Frameworks";
				PRODUCT_BUNDLE_IDENTIFIER = "com.maximedefauw.Grocery-Inventory";
				PRODUCT_NAME = "$(TARGET_NAME)";
			};
			name = Debug;
		};
		220CDE8E1B3AB589009B0F8B /* Release */ = {
			isa = XCBuildConfiguration;
			buildSettings = {
				ASSETCATALOG_COMPILER_APPICON_NAME = AppIcon;
				INFOPLIST_FILE = "Grocery Inventory/Info.plist";
				LD_RUNPATH_SEARCH_PATHS = "$(inherited) @executable_path/Frameworks";
				PRODUCT_BUNDLE_IDENTIFIER = "com.maximedefauw.Grocery-Inventory";
				PRODUCT_NAME = "$(TARGET_NAME)";
			};
			name = Release;
		};
		220CDE901B3AB589009B0F8B /* Debug */ = {
			isa = XCBuildConfiguration;
			buildSettings = {
				BUNDLE_LOADER = "$(TEST_HOST)";
				INFOPLIST_FILE = "Grocery InventoryTests/Info.plist";
				LD_RUNPATH_SEARCH_PATHS = "$(inherited) @executable_path/Frameworks @loader_path/Frameworks";
				PRODUCT_BUNDLE_IDENTIFIER = "com.maximedefauw.Grocery-InventoryTests";
				PRODUCT_NAME = "$(TARGET_NAME)";
				TEST_HOST = "$(BUILT_PRODUCTS_DIR)/Grocery Inventory.app/Grocery Inventory";
			};
			name = Debug;
		};
		220CDE911B3AB589009B0F8B /* Release */ = {
			isa = XCBuildConfiguration;
			buildSettings = {
				BUNDLE_LOADER = "$(TEST_HOST)";
				INFOPLIST_FILE = "Grocery InventoryTests/Info.plist";
				LD_RUNPATH_SEARCH_PATHS = "$(inherited) @executable_path/Frameworks @loader_path/Frameworks";
				PRODUCT_BUNDLE_IDENTIFIER = "com.maximedefauw.Grocery-InventoryTests";
				PRODUCT_NAME = "$(TARGET_NAME)";
				TEST_HOST = "$(BUILT_PRODUCTS_DIR)/Grocery Inventory.app/Grocery Inventory";
			};
			name = Release;
		};
		220CDE931B3AB589009B0F8B /* Debug */ = {
			isa = XCBuildConfiguration;
			buildSettings = {
				INFOPLIST_FILE = "Grocery InventoryUITests/Info.plist";
				LD_RUNPATH_SEARCH_PATHS = "$(inherited) @executable_path/Frameworks @loader_path/Frameworks";
				PRODUCT_BUNDLE_IDENTIFIER = "com.maximedefauw.Grocery-InventoryUITests";
				PRODUCT_NAME = "$(TARGET_NAME)";
				TEST_TARGET_NAME = "Grocery Inventory";
				USES_XCTRUNNER = YES;
			};
			name = Debug;
		};
		220CDE941B3AB589009B0F8B /* Release */ = {
			isa = XCBuildConfiguration;
			buildSettings = {
				INFOPLIST_FILE = "Grocery InventoryUITests/Info.plist";
				LD_RUNPATH_SEARCH_PATHS = "$(inherited) @executable_path/Frameworks @loader_path/Frameworks";
				PRODUCT_BUNDLE_IDENTIFIER = "com.maximedefauw.Grocery-InventoryUITests";
				PRODUCT_NAME = "$(TARGET_NAME)";
				TEST_TARGET_NAME = "Grocery Inventory";
				USES_XCTRUNNER = YES;
			};
			name = Release;
		};
/* End XCBuildConfiguration section */

/* Begin XCConfigurationList section */
		220CDE5C1B3AB589009B0F8B /* Build configuration list for PBXProject "Grocery Inventory" */ = {
			isa = XCConfigurationList;
			buildConfigurations = (
				220CDE8A1B3AB589009B0F8B /* Debug */,
				220CDE8B1B3AB589009B0F8B /* Release */,
			);
			defaultConfigurationIsVisible = 0;
			defaultConfigurationName = Release;
		};
		220CDE8C1B3AB589009B0F8B /* Build configuration list for PBXNativeTarget "Grocery Inventory" */ = {
			isa = XCConfigurationList;
			buildConfigurations = (
				220CDE8D1B3AB589009B0F8B /* Debug */,
				220CDE8E1B3AB589009B0F8B /* Release */,
			);
			defaultConfigurationIsVisible = 0;
		};
		220CDE8F1B3AB589009B0F8B /* Build configuration list for PBXNativeTarget "Grocery InventoryTests" */ = {
			isa = XCConfigurationList;
			buildConfigurations = (
				220CDE901B3AB589009B0F8B /* Debug */,
				220CDE911B3AB589009B0F8B /* Release */,
			);
			defaultConfigurationIsVisible = 0;
		};
		220CDE921B3AB589009B0F8B /* Build configuration list for PBXNativeTarget "Grocery InventoryUITests" */ = {
			isa = XCConfigurationList;
			buildConfigurations = (
				220CDE931B3AB589009B0F8B /* Debug */,
				220CDE941B3AB589009B0F8B /* Release */,
			);
			defaultConfigurationIsVisible = 0;
		};
/* End XCConfigurationList section */

/* Begin XCVersionGroup section */
		220CDE6B1B3AB589009B0F8B /* Grocery_Inventory.xcdatamodeld */ = {
			isa = XCVersionGroup;
			children = (
				220CDE6C1B3AB589009B0F8B /* Grocery_Inventory.xcdatamodel */,
			);
			currentVersion = 220CDE6C1B3AB589009B0F8B /* Grocery_Inventory.xcdatamodel */;
			path = Grocery_Inventory.xcdatamodeld;
			sourceTree = "<group>";
			versionGroupType = wrapper.xcdatamodel;
		};
/* End XCVersionGroup section */
	};
	rootObject = 220CDE591B3AB589009B0F8B /* Project object */;
}
